{
  "name": "amazon-connect",
  "version": "1.0.0",
  "lockfileVersion": 1,
  "requires": true,
  "dependencies": {
    "amazon-connect-chatjs": {
      "version": "1.1.7",
      "resolved": "https://registry.npmjs.org/amazon-connect-chatjs/-/amazon-connect-chatjs-1.1.7.tgz",
      "integrity": "sha512-m4dj5gAGrmFX5Kn3wkTdYOEkhFSkGgG7LRrirodcSDo48N+4vZAk4jXads/1/HS5vJPE0xuP+V0zXj4x8DqPcQ==",
      "requires": {
        "sprintf-js": "^1.1.2"
      }
    },
    "amazon-connect-streams": {
      "version": "1.6.10",
      "resolved": "https://registry.npmjs.org/amazon-connect-streams/-/amazon-connect-streams-1.6.10.tgz",
      "integrity": "sha512-/LpU6LblnXWbCAAWkJC114iZPp8zcGfi0rmAQNx9LkR7lw9Jh/FGP48WH80v3ffVP5du22+Sp5RyKMbykAYUjg=="
    },
    "sprintf-js": {
      "version": "1.1.2",
      "resolved": "https://registry.npmjs.org/sprintf-js/-/sprintf-js-1.1.2.tgz",
      "integrity": "sha512-VE0SOVEHCk7Qc8ulkWw3ntAzXuqf7S2lvwQaDLRnUeIEaKNQJzV6BwmLKhOqT61aGhfUMrXeaBk+oDGCzvhcug=="
    }
  }
}
