{
  "requires": true,
  "lockfileVersion": 1,
  "dependencies": {
    "amazon-connect-streams": {
      "version": "1.6.10",
      "resolved": "https://registry.npmjs.org/amazon-connect-streams/-/amazon-connect-streams-1.6.10.tgz",
      "integrity": "sha512-/LpU6LblnXWbCAAWkJC114iZPp8zcGfi0rmAQNx9LkR7lw9Jh/FGP48WH80v3ffVP5du22+Sp5RyKMbykAYUjg=="
    }
  }
}
